// !$*UTF8*$!
{
	archiveVersion = 1;
	classes = {
	};
	objectVersion = 55;
	objects = {

/* Begin PBXBuildFile section */
		2C11E6B02B51822500E5A24E /* Constants.swift in Sources */ = {isa = PBXBuildFile; fileRef = 2C11E6AF2B51822500E5A24E /* Constants.swift */; };
		2C1A83082B56CB2D0007C976 /* IQKeyboardManagerSwift in Frameworks */ = {isa = PBXBuildFile; productRef = 2C1A83072B56CB2D0007C976 /* IQKeyboardManagerSwift */; };
		2C4311AB2B500BD800BA0259 /* GoogleService-Info.plist in Resources */ = {isa = PBXBuildFile; fileRef = 2C4311AA2B500BD700BA0259 /* GoogleService-Info.plist */; };
		2C9698402B52848D00383E68 /* Message.swift in Sources */ = {isa = PBXBuildFile; fileRef = 2C96983F2B52848D00383E68 /* Message.swift */; };
		2C99EEE82B483E4500424DFA /* AppDelegate.swift in Sources */ = {isa = PBXBuildFile; fileRef = 2C99EEE72B483E4500424DFA /* AppDelegate.swift */; };
		2C99EEEA2B483E4500424DFA /* SceneDelegate.swift in Sources */ = {isa = PBXBuildFile; fileRef = 2C99EEE92B483E4500424DFA /* SceneDelegate.swift */; };
		2C99EEEC2B483E4500424DFA /* ViewController.swift in Sources */ = {isa = PBXBuildFile; fileRef = 2C99EEEB2B483E4500424DFA /* ViewController.swift */; };
		2C99EEEF2B483E4500424DFA /* Main.storyboard in Resources */ = {isa = PBXBuildFile; fileRef = 2C99EEED2B483E4500424DFA /* Main.storyboard */; };
		2C99EEF12B483E4600424DFA /* Assets.xcassets in Resources */ = {isa = PBXBuildFile; fileRef = 2C99EEF02B483E4600424DFA /* Assets.xcassets */; };
		2C99EEF42B483E4600424DFA /* LaunchScreen.storyboard in Resources */ = {isa = PBXBuildFile; fileRef = 2C99EEF22B483E4600424DFA /* LaunchScreen.storyboard */; };
		2C99EEFF2B4842FD00424DFA /* WelcomeViewController.swift in Sources */ = {isa = PBXBuildFile; fileRef = 2C99EEFE2B4842FD00424DFA /* WelcomeViewController.swift */; };
		2C99EF012B48432A00424DFA /* RegisterViewController.swift in Sources */ = {isa = PBXBuildFile; fileRef = 2C99EF002B48432A00424DFA /* RegisterViewController.swift */; };
		2C99EF032B48435600424DFA /* LoginViewController.swift in Sources */ = {isa = PBXBuildFile; fileRef = 2C99EF022B48435600424DFA /* LoginViewController.swift */; };
		2C99EF052B48438200424DFA /* ChatViewController.swift in Sources */ = {isa = PBXBuildFile; fileRef = 2C99EF042B48438200424DFA /* ChatViewController.swift */; };
		2CCE5F9F2B53CDF300D88F9A /* MessageCell.swift in Sources */ = {isa = PBXBuildFile; fileRef = 2CCE5F9D2B53CDF300D88F9A /* MessageCell.swift */; };
		2CCE5FA02B53CDF300D88F9A /* MessageCell.xib in Resources */ = {isa = PBXBuildFile; fileRef = 2CCE5F9E2B53CDF300D88F9A /* MessageCell.xib */; };
		459FCE8C4B62C100CCD05C1F /* Pods_Flash_Chat_Section_15.framework in Frameworks */ = {isa = PBXBuildFile; fileRef = 2849B4174CA6D9B211A1A9D7 /* Pods_Flash_Chat_Section_15.framework */; };
/* End PBXBuildFile section */

/* Begin PBXFileReference section */
		1544443662DD0E0B3A2F7AE4 /* Pods-Flash-Chat-Section-15.release.xcconfig */ = {isa = PBXFileReference; includeInIndex = 1; lastKnownFileType = text.xcconfig; name = "Pods-Flash-Chat-Section-15.release.xcconfig"; path = "Target Support Files/Pods-Flash-Chat-Section-15/Pods-Flash-Chat-Section-15.release.xcconfig"; sourceTree = "<group>"; };
		2849B4174CA6D9B211A1A9D7 /* Pods_Flash_Chat_Section_15.framework */ = {isa = PBXFileReference; explicitFileType = wrapper.framework; includeInIndex = 0; path = Pods_Flash_Chat_Section_15.framework; sourceTree = BUILT_PRODUCTS_DIR; };
		2C11E6AF2B51822500E5A24E /* Constants.swift */ = {isa = PBXFileReference; lastKnownFileType = sourcecode.swift; path = Constants.swift; sourceTree = "<group>"; };
		2C4311AA2B500BD700BA0259 /* GoogleService-Info.plist */ = {isa = PBXFileReference; fileEncoding = 4; lastKnownFileType = text.plist.xml; path = "GoogleService-Info.plist"; sourceTree = "<group>"; };
		2C96983F2B52848D00383E68 /* Message.swift */ = {isa = PBXFileReference; lastKnownFileType = sourcecode.swift; path = Message.swift; sourceTree = "<group>"; };
		2C99EEE42B483E4500424DFA /* Flash-Chat-Section-15.app */ = {isa = PBXFileReference; explicitFileType = wrapper.application; includeInIndex = 0; path = "Flash-Chat-Section-15.app"; sourceTree = BUILT_PRODUCTS_DIR; };
		2C99EEE72B483E4500424DFA /* AppDelegate.swift */ = {isa = PBXFileReference; lastKnownFileType = sourcecode.swift; path = AppDelegate.swift; sourceTree = "<group>"; };
		2C99EEE92B483E4500424DFA /* SceneDelegate.swift */ = {isa = PBXFileReference; lastKnownFileType = sourcecode.swift; path = SceneDelegate.swift; sourceTree = "<group>"; };
		2C99EEEB2B483E4500424DFA /* ViewController.swift */ = {isa = PBXFileReference; lastKnownFileType = sourcecode.swift; path = ViewController.swift; sourceTree = "<group>"; };
		2C99EEEE2B483E4500424DFA /* Base */ = {isa = PBXFileReference; lastKnownFileType = file.storyboard; name = Base; path = Base.lproj/Main.storyboard; sourceTree = "<group>"; };
		2C99EEF02B483E4600424DFA /* Assets.xcassets */ = {isa = PBXFileReference; lastKnownFileType = folder.assetcatalog; path = Assets.xcassets; sourceTree = "<group>"; };
		2C99EEF32B483E4600424DFA /* Base */ = {isa = PBXFileReference; lastKnownFileType = file.storyboard; name = Base; path = Base.lproj/LaunchScreen.storyboard; sourceTree = "<group>"; };
		2C99EEF52B483E4600424DFA /* Info.plist */ = {isa = PBXFileReference; lastKnownFileType = text.plist.xml; path = Info.plist; sourceTree = "<group>"; };
		2C99EEFE2B4842FD00424DFA /* WelcomeViewController.swift */ = {isa = PBXFileReference; lastKnownFileType = sourcecode.swift; path = WelcomeViewController.swift; sourceTree = "<group>"; };
		2C99EF002B48432A00424DFA /* RegisterViewController.swift */ = {isa = PBXFileReference; lastKnownFileType = sourcecode.swift; path = RegisterViewController.swift; sourceTree = "<group>"; };
		2C99EF022B48435600424DFA /* LoginViewController.swift */ = {isa = PBXFileReference; lastKnownFileType = sourcecode.swift; path = LoginViewController.swift; sourceTree = "<group>"; };
		2C99EF042B48438200424DFA /* ChatViewController.swift */ = {isa = PBXFileReference; lastKnownFileType = sourcecode.swift; path = ChatViewController.swift; sourceTree = "<group>"; };
		2CCE5F9D2B53CDF300D88F9A /* MessageCell.swift */ = {isa = PBXFileReference; lastKnownFileType = sourcecode.swift; path = MessageCell.swift; sourceTree = "<group>"; };
		2CCE5F9E2B53CDF300D88F9A /* MessageCell.xib */ = {isa = PBXFileReference; lastKnownFileType = file.xib; path = MessageCell.xib; sourceTree = "<group>"; };
		7B5664933C82569A65851E67 /* Pods-Flash-Chat-Section-15.debug.xcconfig */ = {isa = PBXFileReference; includeInIndex = 1; lastKnownFileType = text.xcconfig; name = "Pods-Flash-Chat-Section-15.debug.xcconfig"; path = "Target Support Files/Pods-Flash-Chat-Section-15/Pods-Flash-Chat-Section-15.debug.xcconfig"; sourceTree = "<group>"; };
/* End PBXFileReference section */

/* Begin PBXFrameworksBuildPhase section */
		2C99EEE12B483E4500424DFA /* Frameworks */ = {
			isa = PBXFrameworksBuildPhase;
			buildActionMask = 2147483647;
			files = (
				459FCE8C4B62C100CCD05C1F /* Pods_Flash_Chat_Section_15.framework in Frameworks */,
				2C1A83082B56CB2D0007C976 /* IQKeyboardManagerSwift in Frameworks */,
			);
			runOnlyForDeploymentPostprocessing = 0;
		};
/* End PBXFrameworksBuildPhase section */

/* Begin PBXGroup section */
		2C96983E2B52847A00383E68 /* Models */ = {
			isa = PBXGroup;
			children = (
				2C96983F2B52848D00383E68 /* Message.swift */,
			);
			path = Models;
			sourceTree = "<group>";
		};
		2C99EEDB2B483E4500424DFA = {
			isa = PBXGroup;
			children = (
				2C99EEE62B483E4500424DFA /* Flash-Chat-Section-15 */,
				2C99EEE52B483E4500424DFA /* Products */,
				7F41C290190CEA16FE78FD7A /* Pods */,
				5A78971FFB68F6969C235BF7 /* Frameworks */,
			);
			sourceTree = "<group>";
		};
		2C99EEE52B483E4500424DFA /* Products */ = {
			isa = PBXGroup;
			children = (
				2C99EEE42B483E4500424DFA /* Flash-Chat-Section-15.app */,
			);
			name = Products;
			sourceTree = "<group>";
		};
		2C99EEE62B483E4500424DFA /* Flash-Chat-Section-15 */ = {
			isa = PBXGroup;
			children = (
				2C96983E2B52847A00383E68 /* Models */,
				2C99EEFC2B4841CA00424DFA /* Controllers */,
				2C99EEFB2B4841AD00424DFA /* Views */,
				2C99EEE72B483E4500424DFA /* AppDelegate.swift */,
				2C99EEE92B483E4500424DFA /* SceneDelegate.swift */,
				2C99EEEB2B483E4500424DFA /* ViewController.swift */,
				2C99EEF02B483E4600424DFA /* Assets.xcassets */,
				2C99EEF22B483E4600424DFA /* LaunchScreen.storyboard */,
				2C99EEF52B483E4600424DFA /* Info.plist */,
				2C4311AA2B500BD700BA0259 /* GoogleService-Info.plist */,
				2C11E6AF2B51822500E5A24E /* Constants.swift */,
			);
			path = "Flash-Chat-Section-15";
			sourceTree = "<group>";
		};
		2C99EEFB2B4841AD00424DFA /* Views */ = {
			isa = PBXGroup;
			children = (
				2C99EEED2B483E4500424DFA /* Main.storyboard */,
				2CCE5F9D2B53CDF300D88F9A /* MessageCell.swift */,
				2CCE5F9E2B53CDF300D88F9A /* MessageCell.xib */,
			);
			path = Views;
			sourceTree = "<group>";
		};
		2C99EEFC2B4841CA00424DFA /* Controllers */ = {
			isa = PBXGroup;
			children = (
				2C99EEFE2B4842FD00424DFA /* WelcomeViewController.swift */,
				2C99EF002B48432A00424DFA /* RegisterViewController.swift */,
				2C99EF022B48435600424DFA /* LoginViewController.swift */,
				2C99EF042B48438200424DFA /* ChatViewController.swift */,
			);
			path = Controllers;
			sourceTree = "<group>";
		};
		5A78971FFB68F6969C235BF7 /* Frameworks */ = {
			isa = PBXGroup;
			children = (
				2849B4174CA6D9B211A1A9D7 /* Pods_Flash_Chat_Section_15.framework */,
			);
			name = Frameworks;
			sourceTree = "<group>";
		};
		7F41C290190CEA16FE78FD7A /* Pods */ = {
			isa = PBXGroup;
			children = (
				7B5664933C82569A65851E67 /* Pods-Flash-Chat-Section-15.debug.xcconfig */,
				1544443662DD0E0B3A2F7AE4 /* Pods-Flash-Chat-Section-15.release.xcconfig */,
			);
			path = Pods;
			sourceTree = "<group>";
		};
/* End PBXGroup section */

/* Begin PBXNativeTarget section */
		2C99EEE32B483E4500424DFA /* Flash-Chat-Section-15 */ = {
			isa = PBXNativeTarget;
			buildConfigurationList = 2C99EEF82B483E4600424DFA /* Build configuration list for PBXNativeTarget "Flash-Chat-Section-15" */;
			buildPhases = (
				40C8B37B4D506BDEBCDCFA05 /* [CP] Check Pods Manifest.lock */,
				2C99EEE02B483E4500424DFA /* Sources */,
				2C99EEE12B483E4500424DFA /* Frameworks */,
				2C99EEE22B483E4500424DFA /* Resources */,
				4B7595B8DC789D769AE26972 /* [CP] Embed Pods Frameworks */,
			);
			buildRules = (
			);
			dependencies = (
			);
			name = "Flash-Chat-Section-15";
			packageProductDependencies = (
				2C1A83072B56CB2D0007C976 /* IQKeyboardManagerSwift */,
			);
			productName = "Flash-Chat-Section-15";
			productReference = 2C99EEE42B483E4500424DFA /* Flash-Chat-Section-15.app */;
			productType = "com.apple.product-type.application";
		};
/* End PBXNativeTarget section */

/* Begin PBXProject section */
		2C99EEDC2B483E4500424DFA /* Project object */ = {
			isa = PBXProject;
			attributes = {
				BuildIndependentTargetsInParallel = 1;
				LastSwiftUpdateCheck = 1430;
				LastUpgradeCheck = 1430;
				TargetAttributes = {
					2C99EEE32B483E4500424DFA = {
						CreatedOnToolsVersion = 14.3.1;
					};
				};
			};
			buildConfigurationList = 2C99EEDF2B483E4500424DFA /* Build configuration list for PBXProject "Flash-Chat-Section-15" */;
			compatibilityVersion = "Xcode 13.0";
			developmentRegion = en;
			hasScannedForEncodings = 0;
			knownRegions = (
				en,
				Base,
			);
			mainGroup = 2C99EEDB2B483E4500424DFA;
			packageReferences = (
				2C1A83062B56CB2D0007C976 /* XCRemoteSwiftPackageReference "IQKeyboardManager" */,
			);
			productRefGroup = 2C99EEE52B483E4500424DFA /* Products */;
			projectDirPath = "";
			projectRoot = "";
			targets = (
				2C99EEE32B483E4500424DFA /* Flash-Chat-Section-15 */,
			);
		};
/* End PBXProject section */

/* Begin PBXResourcesBuildPhase section */
		2C99EEE22B483E4500424DFA /* Resources */ = {
			isa = PBXResourcesBuildPhase;
			buildActionMask = 2147483647;
			files = (
				2CCE5FA02B53CDF300D88F9A /* MessageCell.xib in Resources */,
				2C99EEF42B483E4600424DFA /* LaunchScreen.storyboard in Resources */,
				2C99EEF12B483E4600424DFA /* Assets.xcassets in Resources */,
				2C99EEEF2B483E4500424DFA /* Main.storyboard in Resources */,
				2C4311AB2B500BD800BA0259 /* GoogleService-Info.plist in Resources */,
			);
			runOnlyForDeploymentPostprocessing = 0;
		};
/* End PBXResourcesBuildPhase section */

/* Begin PBXShellScriptBuildPhase section */
		40C8B37B4D506BDEBCDCFA05 /* [CP] Check Pods Manifest.lock */ = {
			isa = PBXShellScriptBuildPhase;
			buildActionMask = 2147483647;
			files = (
			);
			inputFileListPaths = (
			);
			inputPaths = (
				"${PODS_PODFILE_DIR_PATH}/Podfile.lock",
				"${PODS_ROOT}/Manifest.lock",
			);
			name = "[CP] Check Pods Manifest.lock";
			outputFileListPaths = (
			);
			outputPaths = (
				"$(DERIVED_FILE_DIR)/Pods-Flash-Chat-Section-15-checkManifestLockResult.txt",
			);
			runOnlyForDeploymentPostprocessing = 0;
			shellPath = /bin/sh;
			shellScript = "diff \"${PODS_PODFILE_DIR_PATH}/Podfile.lock\" \"${PODS_ROOT}/Manifest.lock\" > /dev/null\nif [ $? != 0 ] ; then\n    # print error to STDERR\n    echo \"error: The sandbox is not in sync with the Podfile.lock. Run 'pod install' or update your CocoaPods installation.\" >&2\n    exit 1\nfi\n# This output is used by Xcode 'outputs' to avoid re-running this script phase.\necho \"SUCCESS\" > \"${SCRIPT_OUTPUT_FILE_0}\"\n";
			showEnvVarsInLog = 0;
		};
		4B7595B8DC789D769AE26972 /* [CP] Embed Pods Frameworks */ = {
			isa = PBXShellScriptBuildPhase;
			buildActionMask = 2147483647;
			files = (
			);
			inputFileListPaths = (
				"${PODS_ROOT}/Target Support Files/Pods-Flash-Chat-Section-15/Pods-Flash-Chat-Section-15-frameworks-${CONFIGURATION}-input-files.xcfilelist",
			);
			name = "[CP] Embed Pods Frameworks";
			outputFileListPaths = (
				"${PODS_ROOT}/Target Support Files/Pods-Flash-Chat-Section-15/Pods-Flash-Chat-Section-15-frameworks-${CONFIGURATION}-output-files.xcfilelist",
			);
			runOnlyForDeploymentPostprocessing = 0;
			shellPath = /bin/sh;
			shellScript = "\"${PODS_ROOT}/Target Support Files/Pods-Flash-Chat-Section-15/Pods-Flash-Chat-Section-15-frameworks.sh\"\n";
			showEnvVarsInLog = 0;
		};
/* End PBXShellScriptBuildPhase section */

/* Begin PBXSourcesBuildPhase section */
		2C99EEE02B483E4500424DFA /* Sources */ = {
			isa = PBXSourcesBuildPhase;
			buildActionMask = 2147483647;
			files = (
				2C99EF032B48435600424DFA /* LoginViewController.swift in Sources */,
				2CCE5F9F2B53CDF300D88F9A /* MessageCell.swift in Sources */,
				2C99EEEC2B483E4500424DFA /* ViewController.swift in Sources */,
				2C99EF012B48432A00424DFA /* RegisterViewController.swift in Sources */,
				2C9698402B52848D00383E68 /* Message.swift in Sources */,
				2C99EF052B48438200424DFA /* ChatViewController.swift in Sources */,
				2C99EEFF2B4842FD00424DFA /* WelcomeViewController.swift in Sources */,
				2C99EEE82B483E4500424DFA /* AppDelegate.swift in Sources */,
				2C99EEEA2B483E4500424DFA /* SceneDelegate.swift in Sources */,
				2C11E6B02B51822500E5A24E /* Constants.swift in Sources */,
			);
			runOnlyForDeploymentPostprocessing = 0;
		};
/* End PBXSourcesBuildPhase section */

/* Begin PBXVariantGroup section */
		2C99EEED2B483E4500424DFA /* Main.storyboard */ = {
			isa = PBXVariantGroup;
			children = (
				2C99EEEE2B483E4500424DFA /* Base */,
			);
			name = Main.storyboard;
			sourceTree = "<group>";
		};
		2C99EEF22B483E4600424DFA /* LaunchScreen.storyboard */ = {
			isa = PBXVariantGroup;
			children = (
				2C99EEF32B483E4600424DFA /* Base */,
			);
			name = LaunchScreen.storyboard;
			sourceTree = "<group>";
		};
/* End PBXVariantGroup section */

/* Begin XCBuildConfiguration section */
		2C99EEF62B483E4600424DFA /* Debug */ = {
			isa = XCBuildConfiguration;
			buildSettings = {
				ALWAYS_SEARCH_USER_PATHS = NO;
				CLANG_ANALYZER_NONNULL = YES;
				CLANG_ANALYZER_NUMBER_OBJECT_CONVERSION = YES_AGGRESSIVE;
				CLANG_CXX_LANGUAGE_STANDARD = "gnu++20";
				CLANG_ENABLE_MODULES = YES;
				CLANG_ENABLE_OBJC_ARC = YES;
				CLANG_ENABLE_OBJC_WEAK = YES;
				CLANG_WARN_BLOCK_CAPTURE_AUTORELEASING = YES;
				CLANG_WARN_BOOL_CONVERSION = YES;
				CLANG_WARN_COMMA = YES;
				CLANG_WARN_CONSTANT_CONVERSION = YES;
				CLANG_WARN_DEPRECATED_OBJC_IMPLEMENTATIONS = YES;
				CLANG_WARN_DIRECT_OBJC_ISA_USAGE = YES_ERROR;
				CLANG_WARN_DOCUMENTATION_COMMENTS = YES;
				CLANG_WARN_EMPTY_BODY = YES;
				CLANG_WARN_ENUM_CONVERSION = YES;
				CLANG_WARN_INFINITE_RECURSION = YES;
				CLANG_WARN_INT_CONVERSION = YES;
				CLANG_WARN_NON_LITERAL_NULL_CONVERSION = YES;
				CLANG_WARN_OBJC_IMPLICIT_RETAIN_SELF = YES;
				CLANG_WARN_OBJC_LITERAL_CONVERSION = YES;
				CLANG_WARN_OBJC_ROOT_CLASS = YES_ERROR;
				CLANG_WARN_QUOTED_INCLUDE_IN_FRAMEWORK_HEADER = YES;
				CLANG_WARN_RANGE_LOOP_ANALYSIS = YES;
				CLANG_WARN_STRICT_PROTOTYPES = YES;
				CLANG_WARN_SUSPICIOUS_MOVE = YES;
				CLANG_WARN_UNGUARDED_AVAILABILITY = YES_AGGRESSIVE;
				CLANG_WARN_UNREACHABLE_CODE = YES;
				CLANG_WARN__DUPLICATE_METHOD_MATCH = YES;
				COPY_PHASE_STRIP = NO;
				DEBUG_INFORMATION_FORMAT = dwarf;
				ENABLE_STRICT_OBJC_MSGSEND = YES;
				ENABLE_TESTABILITY = YES;
				GCC_C_LANGUAGE_STANDARD = gnu11;
				GCC_DYNAMIC_NO_PIC = NO;
				GCC_NO_COMMON_BLOCKS = YES;
				GCC_OPTIMIZATION_LEVEL = 0;
				GCC_PREPROCESSOR_DEFINITIONS = (
					"DEBUG=1",
					"$(inherited)",
				);
				GCC_WARN_64_TO_32_BIT_CONVERSION = YES;
				GCC_WARN_ABOUT_RETURN_TYPE = YES_ERROR;
				GCC_WARN_UNDECLARED_SELECTOR = YES;
				GCC_WARN_UNINITIALIZED_AUTOS = YES_AGGRESSIVE;
				GCC_WARN_UNUSED_FUNCTION = YES;
				GCC_WARN_UNUSED_VARIABLE = YES;
				IPHONEOS_DEPLOYMENT_TARGET = 16.4;
				MTL_ENABLE_DEBUG_INFO = INCLUDE_SOURCE;
				MTL_FAST_MATH = YES;
				ONLY_ACTIVE_ARCH = YES;
				SDKROOT = iphoneos;
				SWIFT_ACTIVE_COMPILATION_CONDITIONS = DEBUG;
				SWIFT_OPTIMIZATION_LEVEL = "-Onone";
			};
			name = Debug;
		};
		2C99EEF72B483E4600424DFA /* Release */ = {
			isa = XCBuildConfiguration;
			buildSettings = {
				ALWAYS_SEARCH_USER_PATHS = NO;
				CLANG_ANALYZER_NONNULL = YES;
				CLANG_ANALYZER_NUMBER_OBJECT_CONVERSION = YES_AGGRESSIVE;
				CLANG_CXX_LANGUAGE_STANDARD = "gnu++20";
				CLANG_ENABLE_MODULES = YES;
				CLANG_ENABLE_OBJC_ARC = YES;
				CLANG_ENABLE_OBJC_WEAK = YES;
				CLANG_WARN_BLOCK_CAPTURE_AUTORELEASING = YES;
				CLANG_WARN_BOOL_CONVERSION = YES;
				CLANG_WARN_COMMA = YES;
				CLANG_WARN_CONSTANT_CONVERSION = YES;
				CLANG_WARN_DEPRECATED_OBJC_IMPLEMENTATIONS = YES;
				CLANG_WARN_DIRECT_OBJC_ISA_USAGE = YES_ERROR;
				CLANG_WARN_DOCUMENTATION_COMMENTS = YES;
				CLANG_WARN_EMPTY_BODY = YES;
				CLANG_WARN_ENUM_CONVERSION = YES;
				CLANG_WARN_INFINITE_RECURSION = YES;
				CLANG_WARN_INT_CONVERSION = YES;
				CLANG_WARN_NON_LITERAL_NULL_CONVERSION = YES;
				CLANG_WARN_OBJC_IMPLICIT_RETAIN_SELF = YES;
				CLANG_WARN_OBJC_LITERAL_CONVERSION = YES;
				CLANG_WARN_OBJC_ROOT_CLASS = YES_ERROR;
				CLANG_WARN_QUOTED_INCLUDE_IN_FRAMEWORK_HEADER = YES;
				CLANG_WARN_RANGE_LOOP_ANALYSIS = YES;
				CLANG_WARN_STRICT_PROTOTYPES = YES;
				CLANG_WARN_SUSPICIOUS_MOVE = YES;
				CLANG_WARN_UNGUARDED_AVAILABILITY = YES_AGGRESSIVE;
				CLANG_WARN_UNREACHABLE_CODE = YES;
				CLANG_WARN__DUPLICATE_METHOD_MATCH = YES;
				COPY_PHASE_STRIP = NO;
				DEBUG_INFORMATION_FORMAT = "dwarf-with-dsym";
				ENABLE_NS_ASSERTIONS = NO;
				ENABLE_STRICT_OBJC_MSGSEND = YES;
				GCC_C_LANGUAGE_STANDARD = gnu11;
				GCC_NO_COMMON_BLOCKS = YES;
				GCC_WARN_64_TO_32_BIT_CONVERSION = YES;
				GCC_WARN_ABOUT_RETURN_TYPE = YES_ERROR;
				GCC_WARN_UNDECLARED_SELECTOR = YES;
				GCC_WARN_UNINITIALIZED_AUTOS = YES_AGGRESSIVE;
				GCC_WARN_UNUSED_FUNCTION = YES;
				GCC_WARN_UNUSED_VARIABLE = YES;
				IPHONEOS_DEPLOYMENT_TARGET = 16.4;
				MTL_ENABLE_DEBUG_INFO = NO;
				MTL_FAST_MATH = YES;
				SDKROOT = iphoneos;
				SWIFT_COMPILATION_MODE = wholemodule;
				SWIFT_OPTIMIZATION_LEVEL = "-O";
				VALIDATE_PRODUCT = YES;
			};
			name = Release;
		};
		2C99EEF92B483E4600424DFA /* Debug */ = {
			isa = XCBuildConfiguration;
			baseConfigurationReference = 7B5664933C82569A65851E67 /* Pods-Flash-Chat-Section-15.debug.xcconfig */;
			buildSettings = {
				ASSETCATALOG_COMPILER_APPICON_NAME = AppIcon;
				ASSETCATALOG_COMPILER_GLOBAL_ACCENT_COLOR_NAME = AccentColor;
				CODE_SIGN_STYLE = Automatic;
				CURRENT_PROJECT_VERSION = 1;
				GENERATE_INFOPLIST_FILE = YES;
				INFOPLIST_FILE = "Flash-Chat-Section-15/Info.plist";
				INFOPLIST_KEY_UIApplicationSupportsIndirectInputEvents = YES;
				INFOPLIST_KEY_UILaunchStoryboardName = LaunchScreen;
				INFOPLIST_KEY_UIMainStoryboardFile = Main;
				INFOPLIST_KEY_UISupportedInterfaceOrientations_iPad = "UIInterfaceOrientationPortrait UIInterfaceOrientationPortraitUpsideDown UIInterfaceOrientationLandscapeLeft UIInterfaceOrientationLandscapeRight";
				INFOPLIST_KEY_UISupportedInterfaceOrientations_iPhone = "UIInterfaceOrientationPortrait UIInterfaceOrientationLandscapeLeft UIInterfaceOrientationLandscapeRight";
				LD_RUNPATH_SEARCH_PATHS = (
					"$(inherited)",
					"@executable_path/Frameworks",
				);
				MARKETING_VERSION = 1.0;
				PRODUCT_BUNDLE_IDENTIFIER = "com.abdurahmanaydin.Flash-Chat-Section-15";
				PRODUCT_NAME = "$(TARGET_NAME)";
				SWIFT_EMIT_LOC_STRINGS = YES;
				SWIFT_VERSION = 5.0;
				TARGETED_DEVICE_FAMILY = "1,2";
			};
			name = Debug;
		};
		2C99EEFA2B483E4600424DFA /* Release */ = {
			isa = XCBuildConfiguration;
			baseConfigurationReference = 1544443662DD0E0B3A2F7AE4 /* Pods-Flash-Chat-Section-15.release.xcconfig */;
			buildSettings = {
				ASSETCATALOG_COMPILER_APPICON_NAME = AppIcon;
				ASSETCATALOG_COMPILER_GLOBAL_ACCENT_COLOR_NAME = AccentColor;
				CODE_SIGN_STYLE = Automatic;
				CURRENT_PROJECT_VERSION = 1;
				GENERATE_INFOPLIST_FILE = YES;
				INFOPLIST_FILE = "Flash-Chat-Section-15/Info.plist";
				INFOPLIST_KEY_UIApplicationSupportsIndirectInputEvents = YES;
				INFOPLIST_KEY_UILaunchStoryboardName = LaunchScreen;
				INFOPLIST_KEY_UIMainStoryboardFile = Main;
				INFOPLIST_KEY_UISupportedInterfaceOrientations_iPad = "UIInterfaceOrientationPortrait UIInterfaceOrientationPortraitUpsideDown UIInterfaceOrientationLandscapeLeft UIInterfaceOrientationLandscapeRight";
				INFOPLIST_KEY_UISupportedInterfaceOrientations_iPhone = "UIInterfaceOrientationPortrait UIInterfaceOrientationLandscapeLeft UIInterfaceOrientationLandscapeRight";
				LD_RUNPATH_SEARCH_PATHS = (
					"$(inherited)",
					"@executable_path/Frameworks",
				);
				MARKETING_VERSION = 1.0;
				PRODUCT_BUNDLE_IDENTIFIER = "com.abdurahmanaydin.Flash-Chat-Section-15";
				PRODUCT_NAME = "$(TARGET_NAME)";
				SWIFT_EMIT_LOC_STRINGS = YES;
				SWIFT_VERSION = 5.0;
				TARGETED_DEVICE_FAMILY = "1,2";
			};
			name = Release;
		};
/* End XCBuildConfiguration section */

/* Begin XCConfigurationList section */
		2C99EEDF2B483E4500424DFA /* Build configuration list for PBXProject "Flash-Chat-Section-15" */ = {
			isa = XCConfigurationList;
			buildConfigurations = (
				2C99EEF62B483E4600424DFA /* Debug */,
				2C99EEF72B483E4600424DFA /* Release */,
			);
			defaultConfigurationIsVisible = 0;
			defaultConfigurationName = Release;
		};
		2C99EEF82B483E4600424DFA /* Build configuration list for PBXNativeTarget "Flash-Chat-Section-15" */ = {
			isa = XCConfigurationList;
			buildConfigurations = (
				2C99EEF92B483E4600424DFA /* Debug */,
				2C99EEFA2B483E4600424DFA /* Release */,
			);
			defaultConfigurationIsVisible = 0;
			defaultConfigurationName = Release;
		};
/* End XCConfigurationList section */

/* Begin XCRemoteSwiftPackageReference section */
		2C1A83062B56CB2D0007C976 /* XCRemoteSwiftPackageReference "IQKeyboardManager" */ = {
			isa = XCRemoteSwiftPackageReference;
			repositoryURL = "https://github.com/hackiftekhar/IQKeyboardManager.git";
			requirement = {
				kind = upToNextMajorVersion;
				minimumVersion = 7.0.0;
			};
		};
/* End XCRemoteSwiftPackageReference section */

/* Begin XCSwiftPackageProductDependency section */
		2C1A83072B56CB2D0007C976 /* IQKeyboardManagerSwift */ = {
			isa = XCSwiftPackageProductDependency;
			package = 2C1A83062B56CB2D0007C976 /* XCRemoteSwiftPackageReference "IQKeyboardManager" */;
			productName = IQKeyboardManagerSwift;
		};
/* End XCSwiftPackageProductDependency section */
	};
	rootObject = 2C99EEDC2B483E4500424DFA /* Project object */;
}
